{
  "version": 4,
  "terraform_version": "0.12.24",
  "serial": 4,
  "lineage": "701bddfc-bc75-61bd-892d-405008a38ea2",
  "outputs": {},
  "resources": [
    {
      "mode": "managed",
      "type": "aws_instance",
      "name": "web",
      "provider": "provider.aws",
      "instances": [
        {
          "schema_version": 1,
          "attributes": {
            "ami": "ami-07ebfd5b3428b6f4d",
            "arn": "arn:aws:ec2:us-east-1:139527570839:instance/i-05ac2e23fcccfd6af",
            "associate_public_ip_address": true,
            "availability_zone": "us-east-1a",
            "cpu_core_count": 1,
            "cpu_threads_per_core": 1,
            "credit_specification": [
              {
                "cpu_credits": "standard"
              }
            ],
            "disable_api_termination": false,
            "ebs_block_device": [],
            "ebs_optimized": false,
            "ephemeral_block_device": [],
            "get_password_data": false,
            "hibernation": false,
            "host_id": null,
            "iam_instance_profile": "",
            "id": "i-05ac2e23fcccfd6af",
            "instance_initiated_shutdown_behavior": null,
            "instance_state": "running",
            "instance_type": "t2.micro",
            "ipv6_address_count": 0,
            "ipv6_addresses": [],
            "key_name": "sshkeyt",
            "monitoring": false,
            "network_interface": [],
            "network_interface_id": null,
            "password_data": "",
            "placement_group": "",
            "primary_network_interface_id": "eni-0686618b01be58c9d",
            "private_dns": "ip-172-31-35-48.ec2.internal",
            "private_ip": "172.31.35.48",
            "public_dns": "ec2-52-91-109-54.compute-1.amazonaws.com",
            "public_ip": "52.91.109.54",
            "root_block_device": [
              {
                "delete_on_termination": true,
                "encrypted": false,
                "iops": 100,
                "kms_key_id": "",
                "volume_id": "vol-0fd2f77135eb71441",
                "volume_size": 8,
                "volume_type": "gp2"
              }
            ],
            "security_groups": [
              "allow_ssh"
            ],
            "source_dest_check": true,
            "subnet_id": "subnet-112e204d",
            "tags": {
              "Name": "HelloWorld"
            },
            "tenancy": "default",
            "timeouts": null,
            "user_data": null,
            "user_data_base64": null,
            "volume_tags": {},
            "vpc_security_group_ids": [
              "sg-05a4cf837c77000d8"
            ]
          },
          "private": "eyJlMmJmYjczMC1lY2FhLTExZTYtOGY4OC0zNDM2M2JjN2M0YzAiOnsiY3JlYXRlIjo2MDAwMDAwMDAwMDAsImRlbGV0ZSI6MTIwMDAwMDAwMDAwMCwidXBkYXRlIjo2MDAwMDAwMDAwMDB9LCJzY2hlbWFfdmVyc2lvbiI6IjEifQ==",
          "dependencies": [
            "aws_key_pair.sshkeyt",
            "aws_security_group.allow_ssh"
          ]
        }
      ]
    },
    {
      "mode": "managed",
      "type": "aws_key_pair",
      "name": "sshkeyt",
      "provider": "provider.aws",
      "instances": [
        {
          "schema_version": 1,
          "attributes": {
            "fingerprint": "cb:90:9d:b8:53:ed:fb:3d:0a:b2:19:c6:9c:0b:8e:aa",
            "id": "sshkeyt",
            "key_name": "sshkeyt",
            "key_name_prefix": null,
            "key_pair_id": "key-00bb8ada9925fc518",
            "public_key": "ssh-rsa AAAAB3NzaC1yc2EAAAADAQABAAABAQDwNYRwR5CZrOgjhy2RtrJB5Dx6S0XiWxrCRou+yMQ2jcHdBgHqNv/9quUztiyZLwl/tH4fYhfyYVzQO4Pw4tTU2XNiOSHW2yE6Ht6lIH54lM+MbU+MsHQOSAV72lcCXZ0DyJ/Kbt0MUkFZQtooltCkoYn1mOCLYxrx5BmC7E5nW1G3X5RDvpT5gPV2OjxEITxC04X+cXz/A5lL2pb1010XtpeAMHJT4gxFiI1s8VLwrD2vx2DO296yWibeLE9qWQC7YxeRv1VrMF+qirJc3yP74l736DNah8QRvdSv6AUNOesrAgpFO5UP9MQW861db/QwNxsI28VO0hrEoN+WPw1r ec2-user@ip-172-31-82-119",
            "tags": null
          },
          "private": "eyJzY2hlbWFfdmVyc2lvbiI6IjEifQ=="
        }
      ]
    },
    {
      "mode": "managed",
      "type": "aws_security_group",
      "name": "allow_ssh",
      "provider": "provider.aws",
      "instances": [
        {
          "schema_version": 1,
          "attributes": {
            "arn": "arn:aws:ec2:us-east-1:139527570839:security-group/sg-05a4cf837c77000d8",
            "description": "Allow SSH inbound traffic",
            "egress": [
              {
                "cidr_blocks": [
                  "0.0.0.0/0"
                ],
                "description": "",
                "from_port": 0,
                "ipv6_cidr_blocks": [],
                "prefix_list_ids": [],
                "protocol": "-1",
                "security_groups": [],
                "self": false,
                "to_port": 0
              }
            ],
            "id": "sg-05a4cf837c77000d8",
            "ingress": [
              {
                "cidr_blocks": [
                  "0.0.0.0/0"
                ],
                "description": "SSH from VPC",
                "from_port": 22,
                "ipv6_cidr_blocks": [],
                "prefix_list_ids": [],
                "protocol": "tcp",
                "security_groups": [],
                "self": false,
                "to_port": 22
              }
            ],
            "name": "allow_ssh",
            "name_prefix": null,
            "owner_id": "139527570839",
            "revoke_rules_on_delete": false,
            "tags": {
              "Name": "ALLOW_SSH"
            },
            "timeouts": null,
            "vpc_id": "vpc-6dc99717"
          },
          "private": "eyJlMmJmYjczMC1lY2FhLTExZTYtOGY4OC0zNDM2M2JjN2M0YzAiOnsiY3JlYXRlIjo2MDAwMDAwMDAwMDAsImRlbGV0ZSI6NjAwMDAwMDAwMDAwfSwic2NoZW1hX3ZlcnNpb24iOiIxIn0="
        }
      ]
    }
  ]
}
